
Microsoft Visual Studio Solution File, Format Version 12.00
# Visual Studio 15
VisualStudioVersion = 15.0.27130.2027
MinimumVisualStudioVersion = 10.0.40219.1
Project("{888888A0-9F3D-457C-B088-3A5042F75D52}") = "LPRS", "LPRS\LPRS.pyproj", "{39D06559-AAA0-499F-BDC5-3C399C333309}"
EndProject
Global
	GlobalSection(SolutionConfigurationPlatforms) = preSolution
		Debug|Any CPU = Debug|Any CPU
		Release|Any CPU = Release|Any CPU
	EndGlobalSection
	GlobalSection(ProjectConfigurationPlatforms) = postSolution
		{39D06559-AAA0-499F-BDC5-3C399C333309}.Debug|Any CPU.ActiveCfg = Debug|Any CPU
		{39D06559-AAA0-499F-BDC5-3C399C333309}.Release|Any CPU.ActiveCfg = Release|Any CPU
	EndGlobalSection
	GlobalSection(SolutionProperties) = preSolution
		HideSolutionNode = FALSE
	EndGlobalSection
	GlobalSection(ExtensibilityGlobals) = postSolution
		SolutionGuid = {C0829E58-03B9-467F-95F0-A70C366DBC58}
	EndGlobalSection
EndGlobal
